# This file is autogenerated, do not edit; changes may be undone by the next 'dep ensure'.


[[projects]]
  branch = "master"
  digest = "1:289fa52f4d9e9c817a003324bc14e9339b996dbe02b9f6cfc57a9383e5365287"
  name = "github.com/docopt/docopt-go"
  packages = ["."]
  pruneopts = "UT"
  revision = "ee0de3bc6815ee19d4a46c7eb90f829db0e014b1"

[solve-meta]
  analyzer-name = "dep"
  analyzer-version = 1
  input-imports = ["github.com/docopt/docopt-go"]
  solver-name = "gps-cdcl"
  solver-version = 1
